
Microsoft Visual Studio Solution File, Format Version 12.00
# Visual Studio Version 16
VisualStudioVersion = 16.0.30503.244
MinimumVisualStudioVersion = 10.0.40219.1
Project("{FAE04EC0-301F-11D3-BF4B-00C04F79EFBC}") = "WebApiProductAngular", "WebApiProductAngular\WebApiProductAngular.csproj", "{24378306-1450-4D5A-843B-6960AE67EABC}"
EndProject
Global
	GlobalSection(SolutionConfigurationPlatforms) = preSolution
		Debug|Any CPU = Debug|Any CPU
		Release|Any CPU = Release|Any CPU
	EndGlobalSection
	GlobalSection(ProjectConfigurationPlatforms) = postSolution
		{24378306-1450-4D5A-843B-6960AE67EABC}.Debug|Any CPU.ActiveCfg = Debug|Any CPU
		{24378306-1450-4D5A-843B-6960AE67EABC}.Debug|Any CPU.Build.0 = Debug|Any CPU
		{24378306-1450-4D5A-843B-6960AE67EABC}.Release|Any CPU.ActiveCfg = Release|Any CPU
		{24378306-1450-4D5A-843B-6960AE67EABC}.Release|Any CPU.Build.0 = Release|Any CPU
	EndGlobalSection
	GlobalSection(SolutionProperties) = preSolution
		HideSolutionNode = FALSE
	EndGlobalSection
	GlobalSection(ExtensibilityGlobals) = postSolution
		SolutionGuid = {CEC1300C-ACF5-4EED-AE54-98507612CD06}
	EndGlobalSection
EndGlobal
